// !$*UTF8*$!
{
	archiveVersion = 1;
	classes = {
	};
	objectVersion = 50;
	objects = {

/* Begin PBXBuildFile section */
		F4F256452403C23B00A4729D /* AppDelegate.swift in Sources */ = {isa = PBXBuildFile; fileRef = F4F256442403C23B00A4729D /* AppDelegate.swift */; };
		F4F256472403C23B00A4729D /* SceneDelegate.swift in Sources */ = {isa = PBXBuildFile; fileRef = F4F256462403C23B00A4729D /* SceneDelegate.swift */; };
		F4F256492403C23B00A4729D /* MovieViewController.swift in Sources */ = {isa = PBXBuildFile; fileRef = F4F256482403C23B00A4729D /* MovieViewController.swift */; };
		F4F2564C2403C23B00A4729D /* Main.storyboard in Resources */ = {isa = PBXBuildFile; fileRef = F4F2564A2403C23B00A4729D /* Main.storyboard */; };
		F4F2564E2403C23C00A4729D /* Assets.xcassets in Resources */ = {isa = PBXBuildFile; fileRef = F4F2564D2403C23C00A4729D /* Assets.xcassets */; };
		F4F256512403C23C00A4729D /* LaunchScreen.storyboard in Resources */ = {isa = PBXBuildFile; fileRef = F4F2564F2403C23C00A4729D /* LaunchScreen.storyboard */; };
		F4F2565C2403C23C00A4729D /* MovieAppTests.swift in Sources */ = {isa = PBXBuildFile; fileRef = F4F2565B2403C23C00A4729D /* MovieAppTests.swift */; };
		F4F256672403C23D00A4729D /* MovieAppUITests.swift in Sources */ = {isa = PBXBuildFile; fileRef = F4F256662403C23D00A4729D /* MovieAppUITests.swift */; };
		F4F256802403D1BC00A4729D /* URLConstants.swift in Sources */ = {isa = PBXBuildFile; fileRef = F4F2567F2403D1BC00A4729D /* URLConstants.swift */; };
		F4F256822403FB7900A4729D /* Helper.swift in Sources */ = {isa = PBXBuildFile; fileRef = F4F256812403FB7900A4729D /* Helper.swift */; };
		F4F256862403FC3800A4729D /* MovieInteractor.swift in Sources */ = {isa = PBXBuildFile; fileRef = F4F256852403FC3800A4729D /* MovieInteractor.swift */; };
		F4F256882403FC4500A4729D /* Movie.swift in Sources */ = {isa = PBXBuildFile; fileRef = F4F256872403FC4500A4729D /* Movie.swift */; };
		F4F2568A2403FC7800A4729D /* MovieAPI.swift in Sources */ = {isa = PBXBuildFile; fileRef = F4F256892403FC7800A4729D /* MovieAPI.swift */; };
		F4F2568C2403FD3100A4729D /* NetworkLayer.swift in Sources */ = {isa = PBXBuildFile; fileRef = F4F2568B2403FD3100A4729D /* NetworkLayer.swift */; };
		F4F2568E24041AA400A4729D /* MovieViewModel.swift in Sources */ = {isa = PBXBuildFile; fileRef = F4F2568D24041AA400A4729D /* MovieViewModel.swift */; };
		F4F2569024041AEB00A4729D /* MovieViewController + MovieViewProtocol .swift in Sources */ = {isa = PBXBuildFile; fileRef = F4F2568F24041AEB00A4729D /* MovieViewController + MovieViewProtocol .swift */; };
/* End PBXBuildFile section */

/* Begin PBXContainerItemProxy section */
		F4F256582403C23C00A4729D /* PBXContainerItemProxy */ = {
			isa = PBXContainerItemProxy;
			containerPortal = F4F256392403C23B00A4729D /* Project object */;
			proxyType = 1;
			remoteGlobalIDString = F4F256402403C23B00A4729D;
			remoteInfo = MovieApp;
		};
		F4F256632403C23D00A4729D /* PBXContainerItemProxy */ = {
			isa = PBXContainerItemProxy;
			containerPortal = F4F256392403C23B00A4729D /* Project object */;
			proxyType = 1;
			remoteGlobalIDString = F4F256402403C23B00A4729D;
			remoteInfo = MovieApp;
		};
/* End PBXContainerItemProxy section */

/* Begin PBXFileReference section */
		F4F256412403C23B00A4729D /* MovieApp.app */ = {isa = PBXFileReference; explicitFileType = wrapper.application; includeInIndex = 0; path = MovieApp.app; sourceTree = BUILT_PRODUCTS_DIR; };
		F4F256442403C23B00A4729D /* AppDelegate.swift */ = {isa = PBXFileReference; lastKnownFileType = sourcecode.swift; path = AppDelegate.swift; sourceTree = "<group>"; };
		F4F256462403C23B00A4729D /* SceneDelegate.swift */ = {isa = PBXFileReference; lastKnownFileType = sourcecode.swift; path = SceneDelegate.swift; sourceTree = "<group>"; };
		F4F256482403C23B00A4729D /* MovieViewController.swift */ = {isa = PBXFileReference; lastKnownFileType = sourcecode.swift; path = MovieViewController.swift; sourceTree = "<group>"; };
		F4F2564B2403C23B00A4729D /* Base */ = {isa = PBXFileReference; lastKnownFileType = file.storyboard; name = Base; path = Base.lproj/Main.storyboard; sourceTree = "<group>"; };
		F4F2564D2403C23C00A4729D /* Assets.xcassets */ = {isa = PBXFileReference; lastKnownFileType = folder.assetcatalog; path = Assets.xcassets; sourceTree = "<group>"; };
		F4F256502403C23C00A4729D /* Base */ = {isa = PBXFileReference; lastKnownFileType = file.storyboard; name = Base; path = Base.lproj/LaunchScreen.storyboard; sourceTree = "<group>"; };
		F4F256522403C23C00A4729D /* Info.plist */ = {isa = PBXFileReference; lastKnownFileType = text.plist.xml; path = Info.plist; sourceTree = "<group>"; };
		F4F256572403C23C00A4729D /* MovieAppTests.xctest */ = {isa = PBXFileReference; explicitFileType = wrapper.cfbundle; includeInIndex = 0; path = MovieAppTests.xctest; sourceTree = BUILT_PRODUCTS_DIR; };
		F4F2565B2403C23C00A4729D /* MovieAppTests.swift */ = {isa = PBXFileReference; lastKnownFileType = sourcecode.swift; path = MovieAppTests.swift; sourceTree = "<group>"; };
		F4F2565D2403C23D00A4729D /* Info.plist */ = {isa = PBXFileReference; lastKnownFileType = text.plist.xml; path = Info.plist; sourceTree = "<group>"; };
		F4F256622403C23D00A4729D /* MovieAppUITests.xctest */ = {isa = PBXFileReference; explicitFileType = wrapper.cfbundle; includeInIndex = 0; path = MovieAppUITests.xctest; sourceTree = BUILT_PRODUCTS_DIR; };
		F4F256662403C23D00A4729D /* MovieAppUITests.swift */ = {isa = PBXFileReference; lastKnownFileType = sourcecode.swift; path = MovieAppUITests.swift; sourceTree = "<group>"; };
		F4F256682403C23D00A4729D /* Info.plist */ = {isa = PBXFileReference; lastKnownFileType = text.plist.xml; path = Info.plist; sourceTree = "<group>"; };
		F4F2567F2403D1BC00A4729D /* URLConstants.swift */ = {isa = PBXFileReference; lastKnownFileType = sourcecode.swift; path = URLConstants.swift; sourceTree = "<group>"; };
		F4F256812403FB7900A4729D /* Helper.swift */ = {isa = PBXFileReference; lastKnownFileType = sourcecode.swift; path = Helper.swift; sourceTree = "<group>"; };
		F4F256852403FC3800A4729D /* MovieInteractor.swift */ = {isa = PBXFileReference; lastKnownFileType = sourcecode.swift; path = MovieInteractor.swift; sourceTree = "<group>"; };
		F4F256872403FC4500A4729D /* Movie.swift */ = {isa = PBXFileReference; lastKnownFileType = sourcecode.swift; path = Movie.swift; sourceTree = "<group>"; };
		F4F256892403FC7800A4729D /* MovieAPI.swift */ = {isa = PBXFileReference; lastKnownFileType = sourcecode.swift; path = MovieAPI.swift; sourceTree = "<group>"; };
		F4F2568B2403FD3100A4729D /* NetworkLayer.swift */ = {isa = PBXFileReference; lastKnownFileType = sourcecode.swift; path = NetworkLayer.swift; sourceTree = "<group>"; };
		F4F2568D24041AA400A4729D /* MovieViewModel.swift */ = {isa = PBXFileReference; fileEncoding = 4; lastKnownFileType = sourcecode.swift; path = MovieViewModel.swift; sourceTree = "<group>"; };
		F4F2568F24041AEB00A4729D /* MovieViewController + MovieViewProtocol .swift */ = {isa = PBXFileReference; fileEncoding = 4; lastKnownFileType = sourcecode.swift; path = "MovieViewController + MovieViewProtocol .swift"; sourceTree = "<group>"; };
/* End PBXFileReference section */

/* Begin PBXFrameworksBuildPhase section */
		F4F2563E2403C23B00A4729D /* Frameworks */ = {
			isa = PBXFrameworksBuildPhase;
			buildActionMask = 2147483647;
			files = (
			);
			runOnlyForDeploymentPostprocessing = 0;
		};
		F4F256542403C23C00A4729D /* Frameworks */ = {
			isa = PBXFrameworksBuildPhase;
			buildActionMask = 2147483647;
			files = (
			);
			runOnlyForDeploymentPostprocessing = 0;
		};
		F4F2565F2403C23D00A4729D /* Frameworks */ = {
			isa = PBXFrameworksBuildPhase;
			buildActionMask = 2147483647;
			files = (
			);
			runOnlyForDeploymentPostprocessing = 0;
		};
/* End PBXFrameworksBuildPhase section */

/* Begin PBXGroup section */
		F4F256382403C23B00A4729D = {
			isa = PBXGroup;
			children = (
				F4F256432403C23B00A4729D /* MovieApp */,
				F4F2565A2403C23C00A4729D /* MovieAppTests */,
				F4F256652403C23D00A4729D /* MovieAppUITests */,
				F4F256422403C23B00A4729D /* Products */,
			);
			sourceTree = "<group>";
		};
		F4F256422403C23B00A4729D /* Products */ = {
			isa = PBXGroup;
			children = (
				F4F256412403C23B00A4729D /* MovieApp.app */,
				F4F256572403C23C00A4729D /* MovieAppTests.xctest */,
				F4F256622403C23D00A4729D /* MovieAppUITests.xctest */,
			);
			name = Products;
			sourceTree = "<group>";
		};
		F4F256432403C23B00A4729D /* MovieApp */ = {
			isa = PBXGroup;
			children = (
				F4F2567E2403D0C100A4729D /* Recources */,
				F4F256792403D03C00A4729D /* ViewModel */,
				F4F256782403D01800A4729D /* Service */,
				F4F256772403CFDE00A4729D /* Configuration */,
				F4F256762403CF9200A4729D /* View */,
				F4F256752403CF8200A4729D /* Model */,
				F4F256742403CF3F00A4729D /* Core */,
				F4F2564A2403C23B00A4729D /* Main.storyboard */,
				F4F256522403C23C00A4729D /* Info.plist */,
			);
			path = MovieApp;
			sourceTree = "<group>";
		};
		F4F2565A2403C23C00A4729D /* MovieAppTests */ = {
			isa = PBXGroup;
			children = (
				F4F2565B2403C23C00A4729D /* MovieAppTests.swift */,
				F4F2565D2403C23D00A4729D /* Info.plist */,
			);
			path = MovieAppTests;
			sourceTree = "<group>";
		};
		F4F256652403C23D00A4729D /* MovieAppUITests */ = {
			isa = PBXGroup;
			children = (
				F4F256662403C23D00A4729D /* MovieAppUITests.swift */,
				F4F256682403C23D00A4729D /* Info.plist */,
			);
			path = MovieAppUITests;
			sourceTree = "<group>";
		};
		F4F256742403CF3F00A4729D /* Core */ = {
			isa = PBXGroup;
			children = (
				F4F256462403C23B00A4729D /* SceneDelegate.swift */,
				F4F256442403C23B00A4729D /* AppDelegate.swift */,
			);
			path = Core;
			sourceTree = "<group>";
		};
		F4F256752403CF8200A4729D /* Model */ = {
			isa = PBXGroup;
			children = (
				F4F256842403FBD200A4729D /* Interactor */,
				F4F256832403FBCA00A4729D /* Entity */,
			);
			path = Model;
			sourceTree = "<group>";
		};
		F4F256762403CF9200A4729D /* View */ = {
			isa = PBXGroup;
			children = (
				F4F2567D2403D09B00A4729D /* UITableViewCell */,
				F4F2567C2403D08E00A4729D /* UICollectionViewCell */,
				F4F2567B2403D08400A4729D /* Storyboards */,
				F4F2567A2403D07500A4729D /* Controllers */,
			);
			path = View;
			sourceTree = "<group>";
		};
		F4F256772403CFDE00A4729D /* Configuration */ = {
			isa = PBXGroup;
			children = (
				F4F2567F2403D1BC00A4729D /* URLConstants.swift */,
				F4F256812403FB7900A4729D /* Helper.swift */,
			);
			path = Configuration;
			sourceTree = "<group>";
		};
		F4F256782403D01800A4729D /* Service */ = {
			isa = PBXGroup;
			children = (
				F4F2568B2403FD3100A4729D /* NetworkLayer.swift */,
			);
			path = Service;
			sourceTree = "<group>";
		};
		F4F256792403D03C00A4729D /* ViewModel */ = {
			isa = PBXGroup;
			children = (
				F4F2568D24041AA400A4729D /* MovieViewModel.swift */,
			);
			path = ViewModel;
			sourceTree = "<group>";
		};
		F4F2567A2403D07500A4729D /* Controllers */ = {
			isa = PBXGroup;
			children = (
				F4F256482403C23B00A4729D /* MovieViewController.swift */,
				F4F2568F24041AEB00A4729D /* MovieViewController + MovieViewProtocol .swift */,
			);
			path = Controllers;
			sourceTree = "<group>";
		};
		F4F2567B2403D08400A4729D /* Storyboards */ = {
			isa = PBXGroup;
			children = (
			);
			path = Storyboards;
			sourceTree = "<group>";
		};
		F4F2567C2403D08E00A4729D /* UICollectionViewCell */ = {
			isa = PBXGroup;
			children = (
			);
			path = UICollectionViewCell;
			sourceTree = "<group>";
		};
		F4F2567D2403D09B00A4729D /* UITableViewCell */ = {
			isa = PBXGroup;
			children = (
			);
			path = UITableViewCell;
			sourceTree = "<group>";
		};
		F4F2567E2403D0C100A4729D /* Recources */ = {
			isa = PBXGroup;
			children = (
				F4F2564F2403C23C00A4729D /* LaunchScreen.storyboard */,
				F4F2564D2403C23C00A4729D /* Assets.xcassets */,
			);
			path = Recources;
			sourceTree = "<group>";
		};
		F4F256832403FBCA00A4729D /* Entity */ = {
			isa = PBXGroup;
			children = (
				F4F256872403FC4500A4729D /* Movie.swift */,
				F4F256892403FC7800A4729D /* MovieAPI.swift */,
			);
			path = Entity;
			sourceTree = "<group>";
		};
		F4F256842403FBD200A4729D /* Interactor */ = {
			isa = PBXGroup;
			children = (
				F4F256852403FC3800A4729D /* MovieInteractor.swift */,
			);
			path = Interactor;
			sourceTree = "<group>";
		};
/* End PBXGroup section */

/* Begin PBXNativeTarget section */
		F4F256402403C23B00A4729D /* MovieApp */ = {
			isa = PBXNativeTarget;
			buildConfigurationList = F4F2566B2403C23D00A4729D /* Build configuration list for PBXNativeTarget "MovieApp" */;
			buildPhases = (
				F4F2563D2403C23B00A4729D /* Sources */,
				F4F2563E2403C23B00A4729D /* Frameworks */,
				F4F2563F2403C23B00A4729D /* Resources */,
			);
			buildRules = (
			);
			dependencies = (
			);
			name = MovieApp;
			productName = MovieApp;
			productReference = F4F256412403C23B00A4729D /* MovieApp.app */;
			productType = "com.apple.product-type.application";
		};
		F4F256562403C23C00A4729D /* MovieAppTests */ = {
			isa = PBXNativeTarget;
			buildConfigurationList = F4F2566E2403C23D00A4729D /* Build configuration list for PBXNativeTarget "MovieAppTests" */;
			buildPhases = (
				F4F256532403C23C00A4729D /* Sources */,
				F4F256542403C23C00A4729D /* Frameworks */,
				F4F256552403C23C00A4729D /* Resources */,
			);
			buildRules = (
			);
			dependencies = (
				F4F256592403C23C00A4729D /* PBXTargetDependency */,
			);
			name = MovieAppTests;
			productName = MovieAppTests;
			productReference = F4F256572403C23C00A4729D /* MovieAppTests.xctest */;
			productType = "com.apple.product-type.bundle.unit-test";
		};
		F4F256612403C23D00A4729D /* MovieAppUITests */ = {
			isa = PBXNativeTarget;
			buildConfigurationList = F4F256712403C23D00A4729D /* Build configuration list for PBXNativeTarget "MovieAppUITests" */;
			buildPhases = (
				F4F2565E2403C23D00A4729D /* Sources */,
				F4F2565F2403C23D00A4729D /* Frameworks */,
				F4F256602403C23D00A4729D /* Resources */,
			);
			buildRules = (
			);
			dependencies = (
				F4F256642403C23D00A4729D /* PBXTargetDependency */,
			);
			name = MovieAppUITests;
			productName = MovieAppUITests;
			productReference = F4F256622403C23D00A4729D /* MovieAppUITests.xctest */;
			productType = "com.apple.product-type.bundle.ui-testing";
		};
/* End PBXNativeTarget section */

/* Begin PBXProject section */
		F4F256392403C23B00A4729D /* Project object */ = {
			isa = PBXProject;
			attributes = {
				LastSwiftUpdateCheck = 1100;
				LastUpgradeCheck = 1100;
				ORGANIZATIONNAME = com.megatrustgroup.asli;
				TargetAttributes = {
					F4F256402403C23B00A4729D = {
						CreatedOnToolsVersion = 11.0;
					};
					F4F256562403C23C00A4729D = {
						CreatedOnToolsVersion = 11.0;
						TestTargetID = F4F256402403C23B00A4729D;
					};
					F4F256612403C23D00A4729D = {
						CreatedOnToolsVersion = 11.0;
						TestTargetID = F4F256402403C23B00A4729D;
					};
				};
			};
			buildConfigurationList = F4F2563C2403C23B00A4729D /* Build configuration list for PBXProject "MovieApp" */;
			compatibilityVersion = "Xcode 9.3";
			developmentRegion = en;
			hasScannedForEncodings = 0;
			knownRegions = (
				en,
				Base,
			);
			mainGroup = F4F256382403C23B00A4729D;
			productRefGroup = F4F256422403C23B00A4729D /* Products */;
			projectDirPath = "";
			projectRoot = "";
			targets = (
				F4F256402403C23B00A4729D /* MovieApp */,
				F4F256562403C23C00A4729D /* MovieAppTests */,
				F4F256612403C23D00A4729D /* MovieAppUITests */,
			);
		};
/* End PBXProject section */

/* Begin PBXResourcesBuildPhase section */
		F4F2563F2403C23B00A4729D /* Resources */ = {
			isa = PBXResourcesBuildPhase;
			buildActionMask = 2147483647;
			files = (
				F4F256512403C23C00A4729D /* LaunchScreen.storyboard in Resources */,
				F4F2564E2403C23C00A4729D /* Assets.xcassets in Resources */,
				F4F2564C2403C23B00A4729D /* Main.storyboard in Resources */,
			);
			runOnlyForDeploymentPostprocessing = 0;
		};
		F4F256552403C23C00A4729D /* Resources */ = {
			isa = PBXResourcesBuildPhase;
			buildActionMask = 2147483647;
			files = (
			);
			runOnlyForDeploymentPostprocessing = 0;
		};
		F4F256602403C23D00A4729D /* Resources */ = {
			isa = PBXResourcesBuildPhase;
			buildActionMask = 2147483647;
			files = (
			);
			runOnlyForDeploymentPostprocessing = 0;
		};
/* End PBXResourcesBuildPhase section */

/* Begin PBXSourcesBuildPhase section */
		F4F2563D2403C23B00A4729D /* Sources */ = {
			isa = PBXSourcesBuildPhase;
			buildActionMask = 2147483647;
			files = (
				F4F256882403FC4500A4729D /* Movie.swift in Sources */,
				F4F2568E24041AA400A4729D /* MovieViewModel.swift in Sources */,
				F4F256492403C23B00A4729D /* MovieViewController.swift in Sources */,
				F4F256862403FC3800A4729D /* MovieInteractor.swift in Sources */,
				F4F2569024041AEB00A4729D /* MovieViewController + MovieViewProtocol .swift in Sources */,
				F4F2568A2403FC7800A4729D /* MovieAPI.swift in Sources */,
				F4F256802403D1BC00A4729D /* URLConstants.swift in Sources */,
				F4F256822403FB7900A4729D /* Helper.swift in Sources */,
				F4F256452403C23B00A4729D /* AppDelegate.swift in Sources */,
				F4F2568C2403FD3100A4729D /* NetworkLayer.swift in Sources */,
				F4F256472403C23B00A4729D /* SceneDelegate.swift in Sources */,
			);
			runOnlyForDeploymentPostprocessing = 0;
		};
		F4F256532403C23C00A4729D /* Sources */ = {
			isa = PBXSourcesBuildPhase;
			buildActionMask = 2147483647;
			files = (
				F4F2565C2403C23C00A4729D /* MovieAppTests.swift in Sources */,
			);
			runOnlyForDeploymentPostprocessing = 0;
		};
		F4F2565E2403C23D00A4729D /* Sources */ = {
			isa = PBXSourcesBuildPhase;
			buildActionMask = 2147483647;
			files = (
				F4F256672403C23D00A4729D /* MovieAppUITests.swift in Sources */,
			);
			runOnlyForDeploymentPostprocessing = 0;
		};
/* End PBXSourcesBuildPhase section */

/* Begin PBXTargetDependency section */
		F4F256592403C23C00A4729D /* PBXTargetDependency */ = {
			isa = PBXTargetDependency;
			target = F4F256402403C23B00A4729D /* MovieApp */;
			targetProxy = F4F256582403C23C00A4729D /* PBXContainerItemProxy */;
		};
		F4F256642403C23D00A4729D /* PBXTargetDependency */ = {
			isa = PBXTargetDependency;
			target = F4F256402403C23B00A4729D /* MovieApp */;
			targetProxy = F4F256632403C23D00A4729D /* PBXContainerItemProxy */;
		};
/* End PBXTargetDependency section */

/* Begin PBXVariantGroup section */
		F4F2564A2403C23B00A4729D /* Main.storyboard */ = {
			isa = PBXVariantGroup;
			children = (
				F4F2564B2403C23B00A4729D /* Base */,
			);
			name = Main.storyboard;
			sourceTree = "<group>";
		};
		F4F2564F2403C23C00A4729D /* LaunchScreen.storyboard */ = {
			isa = PBXVariantGroup;
			children = (
				F4F256502403C23C00A4729D /* Base */,
			);
			name = LaunchScreen.storyboard;
			sourceTree = "<group>";
		};
/* End PBXVariantGroup section */

/* Begin XCBuildConfiguration section */
		F4F256692403C23D00A4729D /* Debug */ = {
			isa = XCBuildConfiguration;
			buildSettings = {
				ALWAYS_SEARCH_USER_PATHS = NO;
				CLANG_ANALYZER_NONNULL = YES;
				CLANG_ANALYZER_NUMBER_OBJECT_CONVERSION = YES_AGGRESSIVE;
				CLANG_CXX_LANGUAGE_STANDARD = "gnu++14";
				CLANG_CXX_LIBRARY = "libc++";
				CLANG_ENABLE_MODULES = YES;
				CLANG_ENABLE_OBJC_ARC = YES;
				CLANG_ENABLE_OBJC_WEAK = YES;
				CLANG_WARN_BLOCK_CAPTURE_AUTORELEASING = YES;
				CLANG_WARN_BOOL_CONVERSION = YES;
				CLANG_WARN_COMMA = YES;
				CLANG_WARN_CONSTANT_CONVERSION = YES;
				CLANG_WARN_DEPRECATED_OBJC_IMPLEMENTATIONS = YES;
				CLANG_WARN_DIRECT_OBJC_ISA_USAGE = YES_ERROR;
				CLANG_WARN_DOCUMENTATION_COMMENTS = YES;
				CLANG_WARN_EMPTY_BODY = YES;
				CLANG_WARN_ENUM_CONVERSION = YES;
				CLANG_WARN_INFINITE_RECURSION = YES;
				CLANG_WARN_INT_CONVERSION = YES;
				CLANG_WARN_NON_LITERAL_NULL_CONVERSION = YES;
				CLANG_WARN_OBJC_IMPLICIT_RETAIN_SELF = YES;
				CLANG_WARN_OBJC_LITERAL_CONVERSION = YES;
				CLANG_WARN_OBJC_ROOT_CLASS = YES_ERROR;
				CLANG_WARN_RANGE_LOOP_ANALYSIS = YES;
				CLANG_WARN_STRICT_PROTOTYPES = YES;
				CLANG_WARN_SUSPICIOUS_MOVE = YES;
				CLANG_WARN_UNGUARDED_AVAILABILITY = YES_AGGRESSIVE;
				CLANG_WARN_UNREACHABLE_CODE = YES;
				CLANG_WARN__DUPLICATE_METHOD_MATCH = YES;
				COPY_PHASE_STRIP = NO;
				DEBUG_INFORMATION_FORMAT = dwarf;
				ENABLE_STRICT_OBJC_MSGSEND = YES;
				ENABLE_TESTABILITY = YES;
				GCC_C_LANGUAGE_STANDARD = gnu11;
				GCC_DYNAMIC_NO_PIC = NO;
				GCC_NO_COMMON_BLOCKS = YES;
				GCC_OPTIMIZATION_LEVEL = 0;
				GCC_PREPROCESSOR_DEFINITIONS = (
					"DEBUG=1",
					"$(inherited)",
				);
				GCC_WARN_64_TO_32_BIT_CONVERSION = YES;
				GCC_WARN_ABOUT_RETURN_TYPE = YES_ERROR;
				GCC_WARN_UNDECLARED_SELECTOR = YES;
				GCC_WARN_UNINITIALIZED_AUTOS = YES_AGGRESSIVE;
				GCC_WARN_UNUSED_FUNCTION = YES;
				GCC_WARN_UNUSED_VARIABLE = YES;
				IPHONEOS_DEPLOYMENT_TARGET = 13.0;
				MTL_ENABLE_DEBUG_INFO = INCLUDE_SOURCE;
				MTL_FAST_MATH = YES;
				ONLY_ACTIVE_ARCH = YES;
				SDKROOT = iphoneos;
				SWIFT_ACTIVE_COMPILATION_CONDITIONS = DEBUG;
				SWIFT_OPTIMIZATION_LEVEL = "-Onone";
			};
			name = Debug;
		};
		F4F2566A2403C23D00A4729D /* Release */ = {
			isa = XCBuildConfiguration;
			buildSettings = {
				ALWAYS_SEARCH_USER_PATHS = NO;
				CLANG_ANALYZER_NONNULL = YES;
				CLANG_ANALYZER_NUMBER_OBJECT_CONVERSION = YES_AGGRESSIVE;
				CLANG_CXX_LANGUAGE_STANDARD = "gnu++14";
				CLANG_CXX_LIBRARY = "libc++";
				CLANG_ENABLE_MODULES = YES;
				CLANG_ENABLE_OBJC_ARC = YES;
				CLANG_ENABLE_OBJC_WEAK = YES;
				CLANG_WARN_BLOCK_CAPTURE_AUTORELEASING = YES;
				CLANG_WARN_BOOL_CONVERSION = YES;
				CLANG_WARN_COMMA = YES;
				CLANG_WARN_CONSTANT_CONVERSION = YES;
				CLANG_WARN_DEPRECATED_OBJC_IMPLEMENTATIONS = YES;
				CLANG_WARN_DIRECT_OBJC_ISA_USAGE = YES_ERROR;
				CLANG_WARN_DOCUMENTATION_COMMENTS = YES;
				CLANG_WARN_EMPTY_BODY = YES;
				CLANG_WARN_ENUM_CONVERSION = YES;
				CLANG_WARN_INFINITE_RECURSION = YES;
				CLANG_WARN_INT_CONVERSION = YES;
				CLANG_WARN_NON_LITERAL_NULL_CONVERSION = YES;
				CLANG_WARN_OBJC_IMPLICIT_RETAIN_SELF = YES;
				CLANG_WARN_OBJC_LITERAL_CONVERSION = YES;
				CLANG_WARN_OBJC_ROOT_CLASS = YES_ERROR;
				CLANG_WARN_RANGE_LOOP_ANALYSIS = YES;
				CLANG_WARN_STRICT_PROTOTYPES = YES;
				CLANG_WARN_SUSPICIOUS_MOVE = YES;
				CLANG_WARN_UNGUARDED_AVAILABILITY = YES_AGGRESSIVE;
				CLANG_WARN_UNREACHABLE_CODE = YES;
				CLANG_WARN__DUPLICATE_METHOD_MATCH = YES;
				COPY_PHASE_STRIP = NO;
				DEBUG_INFORMATION_FORMAT = "dwarf-with-dsym";
				ENABLE_NS_ASSERTIONS = NO;
				ENABLE_STRICT_OBJC_MSGSEND = YES;
				GCC_C_LANGUAGE_STANDARD = gnu11;
				GCC_NO_COMMON_BLOCKS = YES;
				GCC_WARN_64_TO_32_BIT_CONVERSION = YES;
				GCC_WARN_ABOUT_RETURN_TYPE = YES_ERROR;
				GCC_WARN_UNDECLARED_SELECTOR = YES;
				GCC_WARN_UNINITIALIZED_AUTOS = YES_AGGRESSIVE;
				GCC_WARN_UNUSED_FUNCTION = YES;
				GCC_WARN_UNUSED_VARIABLE = YES;
				IPHONEOS_DEPLOYMENT_TARGET = 13.0;
				MTL_ENABLE_DEBUG_INFO = NO;
				MTL_FAST_MATH = YES;
				SDKROOT = iphoneos;
				SWIFT_COMPILATION_MODE = wholemodule;
				SWIFT_OPTIMIZATION_LEVEL = "-O";
				VALIDATE_PRODUCT = YES;
			};
			name = Release;
		};
		F4F2566C2403C23D00A4729D /* Debug */ = {
			isa = XCBuildConfiguration;
			buildSettings = {
				ASSETCATALOG_COMPILER_APPICON_NAME = AppIcon;
				CODE_SIGN_STYLE = Automatic;
				DEVELOPMENT_TEAM = SB89TN363P;
				INFOPLIST_FILE = MovieApp/Info.plist;
				LD_RUNPATH_SEARCH_PATHS = (
					"$(inherited)",
					"@executable_path/Frameworks",
				);
				PRODUCT_BUNDLE_IDENTIFIER = com.megatrustgroup.asli.MovieApp;
				PRODUCT_NAME = "$(TARGET_NAME)";
				SWIFT_VERSION = 5.0;
				TARGETED_DEVICE_FAMILY = "1,2";
			};
			name = Debug;
		};
		F4F2566D2403C23D00A4729D /* Release */ = {
			isa = XCBuildConfiguration;
			buildSettings = {
				ASSETCATALOG_COMPILER_APPICON_NAME = AppIcon;
				CODE_SIGN_STYLE = Automatic;
				DEVELOPMENT_TEAM = SB89TN363P;
				INFOPLIST_FILE = MovieApp/Info.plist;
				LD_RUNPATH_SEARCH_PATHS = (
					"$(inherited)",
					"@executable_path/Frameworks",
				);
				PRODUCT_BUNDLE_IDENTIFIER = com.megatrustgroup.asli.MovieApp;
				PRODUCT_NAME = "$(TARGET_NAME)";
				SWIFT_VERSION = 5.0;
				TARGETED_DEVICE_FAMILY = "1,2";
			};
			name = Release;
		};
		F4F2566F2403C23D00A4729D /* Debug */ = {
			isa = XCBuildConfiguration;
			buildSettings = {
				ALWAYS_EMBED_SWIFT_STANDARD_LIBRARIES = YES;
				BUNDLE_LOADER = "$(TEST_HOST)";
				CODE_SIGN_STYLE = Automatic;
				DEVELOPMENT_TEAM = SB89TN363P;
				INFOPLIST_FILE = MovieAppTests/Info.plist;
				IPHONEOS_DEPLOYMENT_TARGET = 13.0;
				LD_RUNPATH_SEARCH_PATHS = (
					"$(inherited)",
					"@executable_path/Frameworks",
					"@loader_path/Frameworks",
				);
				PRODUCT_BUNDLE_IDENTIFIER = com.megatrustgroup.asli.MovieAppTests;
				PRODUCT_NAME = "$(TARGET_NAME)";
				SWIFT_VERSION = 5.0;
				TARGETED_DEVICE_FAMILY = "1,2";
				TEST_HOST = "$(BUILT_PRODUCTS_DIR)/MovieApp.app/MovieApp";
			};
			name = Debug;
		};
		F4F256702403C23D00A4729D /* Release */ = {
			isa = XCBuildConfiguration;
			buildSettings = {
				ALWAYS_EMBED_SWIFT_STANDARD_LIBRARIES = YES;
				BUNDLE_LOADER = "$(TEST_HOST)";
				CODE_SIGN_STYLE = Automatic;
				DEVELOPMENT_TEAM = SB89TN363P;
				INFOPLIST_FILE = MovieAppTests/Info.plist;
				IPHONEOS_DEPLOYMENT_TARGET = 13.0;
				LD_RUNPATH_SEARCH_PATHS = (
					"$(inherited)",
					"@executable_path/Frameworks",
					"@loader_path/Frameworks",
				);
				PRODUCT_BUNDLE_IDENTIFIER = com.megatrustgroup.asli.MovieAppTests;
				PRODUCT_NAME = "$(TARGET_NAME)";
				SWIFT_VERSION = 5.0;
				TARGETED_DEVICE_FAMILY = "1,2";
				TEST_HOST = "$(BUILT_PRODUCTS_DIR)/MovieApp.app/MovieApp";
			};
			name = Release;
		};
		F4F256722403C23D00A4729D /* Debug */ = {
			isa = XCBuildConfiguration;
			buildSettings = {
				ALWAYS_EMBED_SWIFT_STANDARD_LIBRARIES = YES;
				CODE_SIGN_STYLE = Automatic;
				DEVELOPMENT_TEAM = SB89TN363P;
				INFOPLIST_FILE = MovieAppUITests/Info.plist;
				LD_RUNPATH_SEARCH_PATHS = (
					"$(inherited)",
					"@executable_path/Frameworks",
					"@loader_path/Frameworks",
				);
				PRODUCT_BUNDLE_IDENTIFIER = com.megatrustgroup.asli.MovieAppUITests;
				PRODUCT_NAME = "$(TARGET_NAME)";
				SWIFT_VERSION = 5.0;
				TARGETED_DEVICE_FAMILY = "1,2";
				TEST_TARGET_NAME = MovieApp;
			};
			name = Debug;
		};
		F4F256732403C23D00A4729D /* Release */ = {
			isa = XCBuildConfiguration;
			buildSettings = {
				ALWAYS_EMBED_SWIFT_STANDARD_LIBRARIES = YES;
				CODE_SIGN_STYLE = Automatic;
				DEVELOPMENT_TEAM = SB89TN363P;
				INFOPLIST_FILE = MovieAppUITests/Info.plist;
				LD_RUNPATH_SEARCH_PATHS = (
					"$(inherited)",
					"@executable_path/Frameworks",
					"@loader_path/Frameworks",
				);
				PRODUCT_BUNDLE_IDENTIFIER = com.megatrustgroup.asli.MovieAppUITests;
				PRODUCT_NAME = "$(TARGET_NAME)";
				SWIFT_VERSION = 5.0;
				TARGETED_DEVICE_FAMILY = "1,2";
				TEST_TARGET_NAME = MovieApp;
			};
			name = Release;
		};
/* End XCBuildConfiguration section */

/* Begin XCConfigurationList section */
		F4F2563C2403C23B00A4729D /* Build configuration list for PBXProject "MovieApp" */ = {
			isa = XCConfigurationList;
			buildConfigurations = (
				F4F256692403C23D00A4729D /* Debug */,
				F4F2566A2403C23D00A4729D /* Release */,
			);
			defaultConfigurationIsVisible = 0;
			defaultConfigurationName = Release;
		};
		F4F2566B2403C23D00A4729D /* Build configuration list for PBXNativeTarget "MovieApp" */ = {
			isa = XCConfigurationList;
			buildConfigurations = (
				F4F2566C2403C23D00A4729D /* Debug */,
				F4F2566D2403C23D00A4729D /* Release */,
			);
			defaultConfigurationIsVisible = 0;
			defaultConfigurationName = Release;
		};
		F4F2566E2403C23D00A4729D /* Build configuration list for PBXNativeTarget "MovieAppTests" */ = {
			isa = XCConfigurationList;
			buildConfigurations = (
				F4F2566F2403C23D00A4729D /* Debug */,
				F4F256702403C23D00A4729D /* Release */,
			);
			defaultConfigurationIsVisible = 0;
			defaultConfigurationName = Release;
		};
		F4F256712403C23D00A4729D /* Build configuration list for PBXNativeTarget "MovieAppUITests" */ = {
			isa = XCConfigurationList;
			buildConfigurations = (
				F4F256722403C23D00A4729D /* Debug */,
				F4F256732403C23D00A4729D /* Release */,
			);
			defaultConfigurationIsVisible = 0;
			defaultConfigurationName = Release;
		};
/* End XCConfigurationList section */
	};
	rootObject = F4F256392403C23B00A4729D /* Project object */;
}
